
Microsoft Visual Studio Solution File, Format Version 12.00
# Visual Studio Version 16
VisualStudioVersion = 16.0.33529.622
MinimumVisualStudioVersion = 10.0.40219.1
Project("{FAE04EC0-301F-11D3-BF4B-00C04F79EFBC}") = "20230911_1", "20230911_1\20230911_1.csproj", "{DEC21E12-61C9-4D6F-9C5F-6E8F1D625F29}"
EndProject
Global
	GlobalSection(SolutionConfigurationPlatforms) = preSolution
		Debug|Any CPU = Debug|Any CPU
		Release|Any CPU = Release|Any CPU
	EndGlobalSection
	GlobalSection(ProjectConfigurationPlatforms) = postSolution
		{DEC21E12-61C9-4D6F-9C5F-6E8F1D625F29}.Debug|Any CPU.ActiveCfg = Debug|Any CPU
		{DEC21E12-61C9-4D6F-9C5F-6E8F1D625F29}.Debug|Any CPU.Build.0 = Debug|Any CPU
		{DEC21E12-61C9-4D6F-9C5F-6E8F1D625F29}.Release|Any CPU.ActiveCfg = Release|Any CPU
		{DEC21E12-61C9-4D6F-9C5F-6E8F1D625F29}.Release|Any CPU.Build.0 = Release|Any CPU
	EndGlobalSection
	GlobalSection(SolutionProperties) = preSolution
		HideSolutionNode = FALSE
	EndGlobalSection
	GlobalSection(ExtensibilityGlobals) = postSolution
		SolutionGuid = {79C5816F-1A55-4756-8685-57754D8C5148}
	EndGlobalSection
EndGlobal
